
Microsoft Visual Studio Solution File, Format Version 12.00
# Visual Studio Version 17
VisualStudioVersion = 17.13.35825.156
MinimumVisualStudioVersion = 10.0.40219.1
Project("{FAE04EC0-301F-11D3-BF4B-00C04F79EFBC}") = "Infrastructure", "Infrastructure\Infrastructure.csproj", "{75EDAF41-519F-4312-930D-EAFAB17B09AD}"
EndProject
Project("{FAE04EC0-301F-11D3-BF4B-00C04F79EFBC}") = "Domain", "Domain\Domain.csproj", "{F7D61D9D-34B4-4726-84C3-A1D982295F76}"
EndProject
Project("{FAE04EC0-301F-11D3-BF4B-00C04F79EFBC}") = "Application", "Application\Application.csproj", "{00C94EBA-1297-410B-AA1F-CE390C7DD47A}"
EndProject
Project("{FAE04EC0-301F-11D3-BF4B-00C04F79EFBC}") = "Presentation", "Presentation\Presentation.csproj", "{2EB5942C-7B1E-40B5-A254-22C4B0DD0C4F}"
EndProject
Project("{2150E333-8FDC-42A3-9474-1A3956D46DE8}") = "Backend", "Backend", "{1AE8ACA6-933B-BF2A-3671-3E2EAC007D16}"
EndProject
Project("{FAE04EC0-301F-11D3-BF4B-00C04F79EFBC}") = "Application", "Backend\Application\Application.csproj", "{D5DFD8FB-6718-4AB4-A553-1657BC93555B}"
EndProject
Project("{FAE04EC0-301F-11D3-BF4B-00C04F79EFBC}") = "Infrastructure", "Backend\Infrastructure\Infrastructure.csproj", "{DCF62D25-3DF4-45F5-9C1C-DA42468B37DE}"
EndProject
Project("{FAE04EC0-301F-11D3-BF4B-00C04F79EFBC}") = "Domain", "Backend\Domain\Domain.csproj", "{9447B312-1C5D-47D8-9861-94A3C7E85CE1}"
EndProject
Project("{FAE04EC0-301F-11D3-BF4B-00C04F79EFBC}") = "Presentation", "Backend\Presentation\Presentation.csproj", "{5E1D30B3-7A09-4260-BBE6-33932774A045}"
EndProject
Global
	GlobalSection(SolutionConfigurationPlatforms) = preSolution
		Debug|Any CPU = Debug|Any CPU
		Debug|x64 = Debug|x64
		Debug|x86 = Debug|x86
		Release|Any CPU = Release|Any CPU
		Release|x64 = Release|x64
		Release|x86 = Release|x86
	EndGlobalSection
	GlobalSection(ProjectConfigurationPlatforms) = postSolution
		{75EDAF41-519F-4312-930D-EAFAB17B09AD}.Debug|Any CPU.ActiveCfg = Debug|Any CPU
		{75EDAF41-519F-4312-930D-EAFAB17B09AD}.Debug|Any CPU.Build.0 = Debug|Any CPU
		{75EDAF41-519F-4312-930D-EAFAB17B09AD}.Debug|x64.ActiveCfg = Debug|Any CPU
		{75EDAF41-519F-4312-930D-EAFAB17B09AD}.Debug|x64.Build.0 = Debug|Any CPU
		{75EDAF41-519F-4312-930D-EAFAB17B09AD}.Debug|x86.ActiveCfg = Debug|Any CPU
		{75EDAF41-519F-4312-930D-EAFAB17B09AD}.Debug|x86.Build.0 = Debug|Any CPU
		{75EDAF41-519F-4312-930D-EAFAB17B09AD}.Release|Any CPU.ActiveCfg = Release|Any CPU
		{75EDAF41-519F-4312-930D-EAFAB17B09AD}.Release|Any CPU.Build.0 = Release|Any CPU
		{75EDAF41-519F-4312-930D-EAFAB17B09AD}.Release|x64.ActiveCfg = Release|Any CPU
		{75EDAF41-519F-4312-930D-EAFAB17B09AD}.Release|x64.Build.0 = Release|Any CPU
		{75EDAF41-519F-4312-930D-EAFAB17B09AD}.Release|x86.ActiveCfg = Release|Any CPU
		{75EDAF41-519F-4312-930D-EAFAB17B09AD}.Release|x86.Build.0 = Release|Any CPU
		{F7D61D9D-34B4-4726-84C3-A1D982295F76}.Debug|Any CPU.ActiveCfg = Debug|Any CPU
		{F7D61D9D-34B4-4726-84C3-A1D982295F76}.Debug|Any CPU.Build.0 = Debug|Any CPU
		{F7D61D9D-34B4-4726-84C3-A1D982295F76}.Debug|x64.ActiveCfg = Debug|Any CPU
		{F7D61D9D-34B4-4726-84C3-A1D982295F76}.Debug|x64.Build.0 = Debug|Any CPU
		{F7D61D9D-34B4-4726-84C3-A1D982295F76}.Debug|x86.ActiveCfg = Debug|Any CPU
		{F7D61D9D-34B4-4726-84C3-A1D982295F76}.Debug|x86.Build.0 = Debug|Any CPU
		{F7D61D9D-34B4-4726-84C3-A1D982295F76}.Release|Any CPU.ActiveCfg = Release|Any CPU
		{F7D61D9D-34B4-4726-84C3-A1D982295F76}.Release|Any CPU.Build.0 = Release|Any CPU
		{F7D61D9D-34B4-4726-84C3-A1D982295F76}.Release|x64.ActiveCfg = Release|Any CPU
		{F7D61D9D-34B4-4726-84C3-A1D982295F76}.Release|x64.Build.0 = Release|Any CPU
		{F7D61D9D-34B4-4726-84C3-A1D982295F76}.Release|x86.ActiveCfg = Release|Any CPU
		{F7D61D9D-34B4-4726-84C3-A1D982295F76}.Release|x86.Build.0 = Release|Any CPU
		{00C94EBA-1297-410B-AA1F-CE390C7DD47A}.Debug|Any CPU.ActiveCfg = Debug|Any CPU
		{00C94EBA-1297-410B-AA1F-CE390C7DD47A}.Debug|Any CPU.Build.0 = Debug|Any CPU
		{00C94EBA-1297-410B-AA1F-CE390C7DD47A}.Debug|x64.ActiveCfg = Debug|Any CPU
		{00C94EBA-1297-410B-AA1F-CE390C7DD47A}.Debug|x64.Build.0 = Debug|Any CPU
		{00C94EBA-1297-410B-AA1F-CE390C7DD47A}.Debug|x86.ActiveCfg = Debug|Any CPU
		{00C94EBA-1297-410B-AA1F-CE390C7DD47A}.Debug|x86.Build.0 = Debug|Any CPU
		{00C94EBA-1297-410B-AA1F-CE390C7DD47A}.Release|Any CPU.ActiveCfg = Release|Any CPU
		{00C94EBA-1297-410B-AA1F-CE390C7DD47A}.Release|Any CPU.Build.0 = Release|Any CPU
		{00C94EBA-1297-410B-AA1F-CE390C7DD47A}.Release|x64.ActiveCfg = Release|Any CPU
		{00C94EBA-1297-410B-AA1F-CE390C7DD47A}.Release|x64.Build.0 = Release|Any CPU
		{00C94EBA-1297-410B-AA1F-CE390C7DD47A}.Release|x86.ActiveCfg = Release|Any CPU
		{00C94EBA-1297-410B-AA1F-CE390C7DD47A}.Release|x86.Build.0 = Release|Any CPU
		{2EB5942C-7B1E-40B5-A254-22C4B0DD0C4F}.Debug|Any CPU.ActiveCfg = Debug|Any CPU
		{2EB5942C-7B1E-40B5-A254-22C4B0DD0C4F}.Debug|Any CPU.Build.0 = Debug|Any CPU
		{2EB5942C-7B1E-40B5-A254-22C4B0DD0C4F}.Debug|x64.ActiveCfg = Debug|Any CPU
		{2EB5942C-7B1E-40B5-A254-22C4B0DD0C4F}.Debug|x64.Build.0 = Debug|Any CPU
		{2EB5942C-7B1E-40B5-A254-22C4B0DD0C4F}.Debug|x86.ActiveCfg = Debug|Any CPU
		{2EB5942C-7B1E-40B5-A254-22C4B0DD0C4F}.Debug|x86.Build.0 = Debug|Any CPU
		{2EB5942C-7B1E-40B5-A254-22C4B0DD0C4F}.Release|Any CPU.ActiveCfg = Release|Any CPU
		{2EB5942C-7B1E-40B5-A254-22C4B0DD0C4F}.Release|Any CPU.Build.0 = Release|Any CPU
		{2EB5942C-7B1E-40B5-A254-22C4B0DD0C4F}.Release|x64.ActiveCfg = Release|Any CPU
		{2EB5942C-7B1E-40B5-A254-22C4B0DD0C4F}.Release|x64.Build.0 = Release|Any CPU
		{2EB5942C-7B1E-40B5-A254-22C4B0DD0C4F}.Release|x86.ActiveCfg = Release|Any CPU
		{2EB5942C-7B1E-40B5-A254-22C4B0DD0C4F}.Release|x86.Build.0 = Release|Any CPU
		{D5DFD8FB-6718-4AB4-A553-1657BC93555B}.Debug|Any CPU.ActiveCfg = Debug|Any CPU
		{D5DFD8FB-6718-4AB4-A553-1657BC93555B}.Debug|Any CPU.Build.0 = Debug|Any CPU
		{D5DFD8FB-6718-4AB4-A553-1657BC93555B}.Debug|x64.ActiveCfg = Debug|Any CPU
		{D5DFD8FB-6718-4AB4-A553-1657BC93555B}.Debug|x64.Build.0 = Debug|Any CPU
		{D5DFD8FB-6718-4AB4-A553-1657BC93555B}.Debug|x86.ActiveCfg = Debug|Any CPU
		{D5DFD8FB-6718-4AB4-A553-1657BC93555B}.Debug|x86.Build.0 = Debug|Any CPU
		{D5DFD8FB-6718-4AB4-A553-1657BC93555B}.Release|Any CPU.ActiveCfg = Release|Any CPU
		{D5DFD8FB-6718-4AB4-A553-1657BC93555B}.Release|Any CPU.Build.0 = Release|Any CPU
		{D5DFD8FB-6718-4AB4-A553-1657BC93555B}.Release|x64.ActiveCfg = Release|Any CPU
		{D5DFD8FB-6718-4AB4-A553-1657BC93555B}.Release|x64.Build.0 = Release|Any CPU
		{D5DFD8FB-6718-4AB4-A553-1657BC93555B}.Release|x86.ActiveCfg = Release|Any CPU
		{D5DFD8FB-6718-4AB4-A553-1657BC93555B}.Release|x86.Build.0 = Release|Any CPU
		{DCF62D25-3DF4-45F5-9C1C-DA42468B37DE}.Debug|Any CPU.ActiveCfg = Debug|Any CPU
		{DCF62D25-3DF4-45F5-9C1C-DA42468B37DE}.Debug|Any CPU.Build.0 = Debug|Any CPU
		{DCF62D25-3DF4-45F5-9C1C-DA42468B37DE}.Debug|x64.ActiveCfg = Debug|Any CPU
		{DCF62D25-3DF4-45F5-9C1C-DA42468B37DE}.Debug|x64.Build.0 = Debug|Any CPU
		{DCF62D25-3DF4-45F5-9C1C-DA42468B37DE}.Debug|x86.ActiveCfg = Debug|Any CPU
		{DCF62D25-3DF4-45F5-9C1C-DA42468B37DE}.Debug|x86.Build.0 = Debug|Any CPU
		{DCF62D25-3DF4-45F5-9C1C-DA42468B37DE}.Release|Any CPU.ActiveCfg = Release|Any CPU
		{DCF62D25-3DF4-45F5-9C1C-DA42468B37DE}.Release|Any CPU.Build.0 = Release|Any CPU
		{DCF62D25-3DF4-45F5-9C1C-DA42468B37DE}.Release|x64.ActiveCfg = Release|Any CPU
		{DCF62D25-3DF4-45F5-9C1C-DA42468B37DE}.Release|x64.Build.0 = Release|Any CPU
		{DCF62D25-3DF4-45F5-9C1C-DA42468B37DE}.Release|x86.ActiveCfg = Release|Any CPU
		{DCF62D25-3DF4-45F5-9C1C-DA42468B37DE}.Release|x86.Build.0 = Release|Any CPU
		{9447B312-1C5D-47D8-9861-94A3C7E85CE1}.Debug|Any CPU.ActiveCfg = Debug|Any CPU
		{9447B312-1C5D-47D8-9861-94A3C7E85CE1}.Debug|Any CPU.Build.0 = Debug|Any CPU
		{9447B312-1C5D-47D8-9861-94A3C7E85CE1}.Debug|x64.ActiveCfg = Debug|Any CPU
		{9447B312-1C5D-47D8-9861-94A3C7E85CE1}.Debug|x64.Build.0 = Debug|Any CPU
		{9447B312-1C5D-47D8-9861-94A3C7E85CE1}.Debug|x86.ActiveCfg = Debug|Any CPU
		{9447B312-1C5D-47D8-9861-94A3C7E85CE1}.Debug|x86.Build.0 = Debug|Any CPU
		{9447B312-1C5D-47D8-9861-94A3C7E85CE1}.Release|Any CPU.ActiveCfg = Release|Any CPU
		{9447B312-1C5D-47D8-9861-94A3C7E85CE1}.Release|Any CPU.Build.0 = Release|Any CPU
		{9447B312-1C5D-47D8-9861-94A3C7E85CE1}.Release|x64.ActiveCfg = Release|Any CPU
		{9447B312-1C5D-47D8-9861-94A3C7E85CE1}.Release|x64.Build.0 = Release|Any CPU
		{9447B312-1C5D-47D8-9861-94A3C7E85CE1}.Release|x86.ActiveCfg = Release|Any CPU
		{9447B312-1C5D-47D8-9861-94A3C7E85CE1}.Release|x86.Build.0 = Release|Any CPU
		{5E1D30B3-7A09-4260-BBE6-33932774A045}.Debug|Any CPU.ActiveCfg = Debug|Any CPU
		{5E1D30B3-7A09-4260-BBE6-33932774A045}.Debug|Any CPU.Build.0 = Debug|Any CPU
		{5E1D30B3-7A09-4260-BBE6-33932774A045}.Debug|x64.ActiveCfg = Debug|Any CPU
		{5E1D30B3-7A09-4260-BBE6-33932774A045}.Debug|x64.Build.0 = Debug|Any CPU
		{5E1D30B3-7A09-4260-BBE6-33932774A045}.Debug|x86.ActiveCfg = Debug|Any CPU
		{5E1D30B3-7A09-4260-BBE6-33932774A045}.Debug|x86.Build.0 = Debug|Any CPU
		{5E1D30B3-7A09-4260-BBE6-33932774A045}.Release|Any CPU.ActiveCfg = Release|Any CPU
		{5E1D30B3-7A09-4260-BBE6-33932774A045}.Release|Any CPU.Build.0 = Release|Any CPU
		{5E1D30B3-7A09-4260-BBE6-33932774A045}.Release|x64.ActiveCfg = Release|Any CPU
		{5E1D30B3-7A09-4260-BBE6-33932774A045}.Release|x64.Build.0 = Release|Any CPU
		{5E1D30B3-7A09-4260-BBE6-33932774A045}.Release|x86.ActiveCfg = Release|Any CPU
		{5E1D30B3-7A09-4260-BBE6-33932774A045}.Release|x86.Build.0 = Release|Any CPU
	EndGlobalSection
	GlobalSection(SolutionProperties) = preSolution
		HideSolutionNode = FALSE
	EndGlobalSection
	GlobalSection(NestedProjects) = preSolution
		{D5DFD8FB-6718-4AB4-A553-1657BC93555B} = {1AE8ACA6-933B-BF2A-3671-3E2EAC007D16}
		{DCF62D25-3DF4-45F5-9C1C-DA42468B37DE} = {1AE8ACA6-933B-BF2A-3671-3E2EAC007D16}
		{9447B312-1C5D-47D8-9861-94A3C7E85CE1} = {1AE8ACA6-933B-BF2A-3671-3E2EAC007D16}
		{5E1D30B3-7A09-4260-BBE6-33932774A045} = {1AE8ACA6-933B-BF2A-3671-3E2EAC007D16}
	EndGlobalSection
	GlobalSection(ExtensibilityGlobals) = postSolution
		SolutionGuid = {0D544155-489B-4B7E-9CDA-07E29BE16F48}
	EndGlobalSection
EndGlobal
