
Microsoft Visual Studio Solution File, Format Version 12.00
# Visual Studio Version 17
VisualStudioVersion = 17.13.35825.156
MinimumVisualStudioVersion = 10.0.40219.1
Project("{FAE04EC0-301F-11D3-BF4B-00C04F79EFBC}") = "Infrastructure", "Infrastructure\Infrastructure.csproj", "{75EDAF41-519F-4312-930D-EAFAB17B09AD}"
EndProject
Project("{FAE04EC0-301F-11D3-BF4B-00C04F79EFBC}") = "Domain", "Domain\Domain.csproj", "{F7D61D9D-34B4-4726-84C3-A1D982295F76}"
EndProject
Project("{FAE04EC0-301F-11D3-BF4B-00C04F79EFBC}") = "Application", "Application\Application.csproj", "{00C94EBA-1297-410B-AA1F-CE390C7DD47A}"
EndProject
Project("{FAE04EC0-301F-11D3-BF4B-00C04F79EFBC}") = "Presentation", "Presentation\Presentation.csproj", "{2EB5942C-7B1E-40B5-A254-22C4B0DD0C4F}"
EndProject
Global
	GlobalSection(SolutionConfigurationPlatforms) = preSolution
		Debug|Any CPU = Debug|Any CPU
		Release|Any CPU = Release|Any CPU
	EndGlobalSection
	GlobalSection(ProjectConfigurationPlatforms) = postSolution
		{75EDAF41-519F-4312-930D-EAFAB17B09AD}.Debug|Any CPU.ActiveCfg = Debug|Any CPU
		{75EDAF41-519F-4312-930D-EAFAB17B09AD}.Debug|Any CPU.Build.0 = Debug|Any CPU
		{75EDAF41-519F-4312-930D-EAFAB17B09AD}.Release|Any CPU.ActiveCfg = Release|Any CPU
		{75EDAF41-519F-4312-930D-EAFAB17B09AD}.Release|Any CPU.Build.0 = Release|Any CPU
		{F7D61D9D-34B4-4726-84C3-A1D982295F76}.Debug|Any CPU.ActiveCfg = Debug|Any CPU
		{F7D61D9D-34B4-4726-84C3-A1D982295F76}.Debug|Any CPU.Build.0 = Debug|Any CPU
		{F7D61D9D-34B4-4726-84C3-A1D982295F76}.Release|Any CPU.ActiveCfg = Release|Any CPU
		{F7D61D9D-34B4-4726-84C3-A1D982295F76}.Release|Any CPU.Build.0 = Release|Any CPU
		{00C94EBA-1297-410B-AA1F-CE390C7DD47A}.Debug|Any CPU.ActiveCfg = Debug|Any CPU
		{00C94EBA-1297-410B-AA1F-CE390C7DD47A}.Debug|Any CPU.Build.0 = Debug|Any CPU
		{00C94EBA-1297-410B-AA1F-CE390C7DD47A}.Release|Any CPU.ActiveCfg = Release|Any CPU
		{00C94EBA-1297-410B-AA1F-CE390C7DD47A}.Release|Any CPU.Build.0 = Release|Any CPU
		{2EB5942C-7B1E-40B5-A254-22C4B0DD0C4F}.Debug|Any CPU.ActiveCfg = Debug|Any CPU
		{2EB5942C-7B1E-40B5-A254-22C4B0DD0C4F}.Debug|Any CPU.Build.0 = Debug|Any CPU
		{2EB5942C-7B1E-40B5-A254-22C4B0DD0C4F}.Release|Any CPU.ActiveCfg = Release|Any CPU
		{2EB5942C-7B1E-40B5-A254-22C4B0DD0C4F}.Release|Any CPU.Build.0 = Release|Any CPU
	EndGlobalSection
	GlobalSection(SolutionProperties) = preSolution
		HideSolutionNode = FALSE
	EndGlobalSection
	GlobalSection(ExtensibilityGlobals) = postSolution
		SolutionGuid = {0D544155-489B-4B7E-9CDA-07E29BE16F48}
	EndGlobalSection
EndGlobal
