
Microsoft Visual Studio Solution File, Format Version 12.00
# Visual Studio Version 17
VisualStudioVersion = 17.13.35825.156
MinimumVisualStudioVersion = 10.0.40219.1
Project("{2150E333-8FDC-42A3-9474-1A3956D46DE8}") = "Backend", "Backend", "{1AE8ACA6-933B-BF2A-3671-3E2EAC007D16}"
EndProject
Project("{FAE04EC0-301F-11D3-BF4B-00C04F79EFBC}") = "Application", "Backend\Application\Application.csproj", "{D5DFD8FB-6718-4AB4-A553-1657BC93555B}"
EndProject
Project("{FAE04EC0-301F-11D3-BF4B-00C04F79EFBC}") = "Infrastructure", "Backend\Infrastructure\Infrastructure.csproj", "{DCF62D25-3DF4-45F5-9C1C-DA42468B37DE}"
EndProject
Project("{FAE04EC0-301F-11D3-BF4B-00C04F79EFBC}") = "Domain", "Backend\Domain\Domain.csproj", "{9447B312-1C5D-47D8-9861-94A3C7E85CE1}"
EndProject
Project("{FAE04EC0-301F-11D3-BF4B-00C04F79EFBC}") = "Presentation", "Backend\Presentation\Presentation.csproj", "{5E1D30B3-7A09-4260-BBE6-33932774A045}"
EndProject
Project("{FAE04EC0-301F-11D3-BF4B-00C04F79EFBC}") = "Tests", "Tests\Tests.csproj", "{64A9AEF2-2460-4ED1-BC4F-BE2B827F0978}"
EndProject
Global
	GlobalSection(SolutionConfigurationPlatforms) = preSolution
		Debug|Any CPU = Debug|Any CPU
		Debug|x64 = Debug|x64
		Debug|x86 = Debug|x86
		Release|Any CPU = Release|Any CPU
		Release|x64 = Release|x64
		Release|x86 = Release|x86
	EndGlobalSection
	GlobalSection(ProjectConfigurationPlatforms) = postSolution
		{D5DFD8FB-6718-4AB4-A553-1657BC93555B}.Debug|Any CPU.ActiveCfg = Debug|Any CPU
		{D5DFD8FB-6718-4AB4-A553-1657BC93555B}.Debug|Any CPU.Build.0 = Debug|Any CPU
		{D5DFD8FB-6718-4AB4-A553-1657BC93555B}.Debug|x64.ActiveCfg = Debug|Any CPU
		{D5DFD8FB-6718-4AB4-A553-1657BC93555B}.Debug|x64.Build.0 = Debug|Any CPU
		{D5DFD8FB-6718-4AB4-A553-1657BC93555B}.Debug|x86.ActiveCfg = Debug|Any CPU
		{D5DFD8FB-6718-4AB4-A553-1657BC93555B}.Debug|x86.Build.0 = Debug|Any CPU
		{D5DFD8FB-6718-4AB4-A553-1657BC93555B}.Release|Any CPU.ActiveCfg = Release|Any CPU
		{D5DFD8FB-6718-4AB4-A553-1657BC93555B}.Release|Any CPU.Build.0 = Release|Any CPU
		{D5DFD8FB-6718-4AB4-A553-1657BC93555B}.Release|x64.ActiveCfg = Release|Any CPU
		{D5DFD8FB-6718-4AB4-A553-1657BC93555B}.Release|x64.Build.0 = Release|Any CPU
		{D5DFD8FB-6718-4AB4-A553-1657BC93555B}.Release|x86.ActiveCfg = Release|Any CPU
		{D5DFD8FB-6718-4AB4-A553-1657BC93555B}.Release|x86.Build.0 = Release|Any CPU
		{DCF62D25-3DF4-45F5-9C1C-DA42468B37DE}.Debug|Any CPU.ActiveCfg = Debug|Any CPU
		{DCF62D25-3DF4-45F5-9C1C-DA42468B37DE}.Debug|Any CPU.Build.0 = Debug|Any CPU
		{DCF62D25-3DF4-45F5-9C1C-DA42468B37DE}.Debug|x64.ActiveCfg = Debug|Any CPU
		{DCF62D25-3DF4-45F5-9C1C-DA42468B37DE}.Debug|x64.Build.0 = Debug|Any CPU
		{DCF62D25-3DF4-45F5-9C1C-DA42468B37DE}.Debug|x86.ActiveCfg = Debug|Any CPU
		{DCF62D25-3DF4-45F5-9C1C-DA42468B37DE}.Debug|x86.Build.0 = Debug|Any CPU
		{DCF62D25-3DF4-45F5-9C1C-DA42468B37DE}.Release|Any CPU.ActiveCfg = Release|Any CPU
		{DCF62D25-3DF4-45F5-9C1C-DA42468B37DE}.Release|Any CPU.Build.0 = Release|Any CPU
		{DCF62D25-3DF4-45F5-9C1C-DA42468B37DE}.Release|x64.ActiveCfg = Release|Any CPU
		{DCF62D25-3DF4-45F5-9C1C-DA42468B37DE}.Release|x64.Build.0 = Release|Any CPU
		{DCF62D25-3DF4-45F5-9C1C-DA42468B37DE}.Release|x86.ActiveCfg = Release|Any CPU
		{DCF62D25-3DF4-45F5-9C1C-DA42468B37DE}.Release|x86.Build.0 = Release|Any CPU
		{9447B312-1C5D-47D8-9861-94A3C7E85CE1}.Debug|Any CPU.ActiveCfg = Debug|Any CPU
		{9447B312-1C5D-47D8-9861-94A3C7E85CE1}.Debug|Any CPU.Build.0 = Debug|Any CPU
		{9447B312-1C5D-47D8-9861-94A3C7E85CE1}.Debug|x64.ActiveCfg = Debug|Any CPU
		{9447B312-1C5D-47D8-9861-94A3C7E85CE1}.Debug|x64.Build.0 = Debug|Any CPU
		{9447B312-1C5D-47D8-9861-94A3C7E85CE1}.Debug|x86.ActiveCfg = Debug|Any CPU
		{9447B312-1C5D-47D8-9861-94A3C7E85CE1}.Debug|x86.Build.0 = Debug|Any CPU
		{9447B312-1C5D-47D8-9861-94A3C7E85CE1}.Release|Any CPU.ActiveCfg = Release|Any CPU
		{9447B312-1C5D-47D8-9861-94A3C7E85CE1}.Release|Any CPU.Build.0 = Release|Any CPU
		{9447B312-1C5D-47D8-9861-94A3C7E85CE1}.Release|x64.ActiveCfg = Release|Any CPU
		{9447B312-1C5D-47D8-9861-94A3C7E85CE1}.Release|x64.Build.0 = Release|Any CPU
		{9447B312-1C5D-47D8-9861-94A3C7E85CE1}.Release|x86.ActiveCfg = Release|Any CPU
		{9447B312-1C5D-47D8-9861-94A3C7E85CE1}.Release|x86.Build.0 = Release|Any CPU
		{5E1D30B3-7A09-4260-BBE6-33932774A045}.Debug|Any CPU.ActiveCfg = Debug|Any CPU
		{5E1D30B3-7A09-4260-BBE6-33932774A045}.Debug|Any CPU.Build.0 = Debug|Any CPU
		{5E1D30B3-7A09-4260-BBE6-33932774A045}.Debug|x64.ActiveCfg = Debug|Any CPU
		{5E1D30B3-7A09-4260-BBE6-33932774A045}.Debug|x64.Build.0 = Debug|Any CPU
		{5E1D30B3-7A09-4260-BBE6-33932774A045}.Debug|x86.ActiveCfg = Debug|Any CPU
		{5E1D30B3-7A09-4260-BBE6-33932774A045}.Debug|x86.Build.0 = Debug|Any CPU
		{5E1D30B3-7A09-4260-BBE6-33932774A045}.Release|Any CPU.ActiveCfg = Release|Any CPU
		{5E1D30B3-7A09-4260-BBE6-33932774A045}.Release|Any CPU.Build.0 = Release|Any CPU
		{5E1D30B3-7A09-4260-BBE6-33932774A045}.Release|x64.ActiveCfg = Release|Any CPU
		{5E1D30B3-7A09-4260-BBE6-33932774A045}.Release|x64.Build.0 = Release|Any CPU
		{5E1D30B3-7A09-4260-BBE6-33932774A045}.Release|x86.ActiveCfg = Release|Any CPU
		{5E1D30B3-7A09-4260-BBE6-33932774A045}.Release|x86.Build.0 = Release|Any CPU
		{64A9AEF2-2460-4ED1-BC4F-BE2B827F0978}.Debug|Any CPU.ActiveCfg = Debug|Any CPU
		{64A9AEF2-2460-4ED1-BC4F-BE2B827F0978}.Debug|Any CPU.Build.0 = Debug|Any CPU
		{64A9AEF2-2460-4ED1-BC4F-BE2B827F0978}.Debug|x64.ActiveCfg = Debug|Any CPU
		{64A9AEF2-2460-4ED1-BC4F-BE2B827F0978}.Debug|x64.Build.0 = Debug|Any CPU
		{64A9AEF2-2460-4ED1-BC4F-BE2B827F0978}.Debug|x86.ActiveCfg = Debug|Any CPU
		{64A9AEF2-2460-4ED1-BC4F-BE2B827F0978}.Debug|x86.Build.0 = Debug|Any CPU
		{64A9AEF2-2460-4ED1-BC4F-BE2B827F0978}.Release|Any CPU.ActiveCfg = Release|Any CPU
		{64A9AEF2-2460-4ED1-BC4F-BE2B827F0978}.Release|Any CPU.Build.0 = Release|Any CPU
		{64A9AEF2-2460-4ED1-BC4F-BE2B827F0978}.Release|x64.ActiveCfg = Release|Any CPU
		{64A9AEF2-2460-4ED1-BC4F-BE2B827F0978}.Release|x64.Build.0 = Release|Any CPU
		{64A9AEF2-2460-4ED1-BC4F-BE2B827F0978}.Release|x86.ActiveCfg = Release|Any CPU
		{64A9AEF2-2460-4ED1-BC4F-BE2B827F0978}.Release|x86.Build.0 = Release|Any CPU
	EndGlobalSection
	GlobalSection(SolutionProperties) = preSolution
		HideSolutionNode = FALSE
	EndGlobalSection
	GlobalSection(NestedProjects) = preSolution
		{D5DFD8FB-6718-4AB4-A553-1657BC93555B} = {1AE8ACA6-933B-BF2A-3671-3E2EAC007D16}
		{DCF62D25-3DF4-45F5-9C1C-DA42468B37DE} = {1AE8ACA6-933B-BF2A-3671-3E2EAC007D16}
		{9447B312-1C5D-47D8-9861-94A3C7E85CE1} = {1AE8ACA6-933B-BF2A-3671-3E2EAC007D16}
		{5E1D30B3-7A09-4260-BBE6-33932774A045} = {1AE8ACA6-933B-BF2A-3671-3E2EAC007D16}
		{64A9AEF2-2460-4ED1-BC4F-BE2B827F0978} = {1AE8ACA6-933B-BF2A-3671-3E2EAC007D16}
	EndGlobalSection
	GlobalSection(ExtensibilityGlobals) = postSolution
		SolutionGuid = {0D544155-489B-4B7E-9CDA-07E29BE16F48}
	EndGlobalSection
EndGlobal
